github.com/binzume/dkango v0.1.6 h1:ZvfNxddncT+93jiBdzUSoyiFvCm54UqXN95UBx5cWPI=
github.com/binzume/dkango v0.1.6/go.mod h1:i+CbTltgijANLi/+M0UHBHLvauDb39E2OA2bF4u8meo=
github.com/binzume/fsmount v0.1.4 h1:FFq8jHRymgUbUKvNigk6f4wkH1UCNs5MAmzO4g1IXBI=
github.com/binzume/fsmount v0.1.4/go.mod h1:WUxbKze0MlOakfm4j5g5i5bsF9197bpmVbl3JIlaoog=
github.com/hanwen/go-fuse/v2 v2.7.2 h1:SbJP1sUP+n1UF8NXBA14BuojmTez+mDgOk0bC057HQw=
github.com/hanwen/go-fuse/v2 v2.7.2/go.mod h1:ugNaD/iv5JYyS1Rcvi57Wz7/vrLQJo10mmketmoef48=
github.com/moby/sys/mountinfo v0.6.2 h1:BzJjoreD5BMFNmD9Rus6gdd1pLuecOFPt8wC+Vygl78=
github.com/moby/sys/mountinfo v0.6.2/go.mod h1:IJb6JQeOklcdMU9F5xQ8ZALD+CUr5VlGpwtX+VE0rpI=
golang.org/x/sys v0.31.0 h1:ioabZlmFYtWhL+TRYpcnNlLwhyxaM9kWTDEmfnprqik=
golang.org/x/sys v0.31.0/go.mod h1:BJP2sWEmIv4KK5OTEluFJCKSidICx8ciO85XgH3Ak8k=
